// !$*UTF8*$!
{
	archiveVersion = 1;
	classes = {
	};
	objectVersion = 48;
	objects = {

/* Begin PBXBuildFile section */
		783A7C872208E7270074A504 /* RoundedImageView.swift in Sources */ = {isa = PBXBuildFile; fileRef = 783A7C862208E7270074A504 /* RoundedImageView.swift */; };
		783A7C8A2208F5980074A504 /* LifetimeCell.swift in Sources */ = {isa = PBXBuildFile; fileRef = 783A7C882208F5980074A504 /* LifetimeCell.swift */; };
		783A7C8B2208F5980074A504 /* LifetimeCell.xib in Resources */ = {isa = PBXBuildFile; fileRef = 783A7C892208F5980074A504 /* LifetimeCell.xib */; };
		783A7C8E2208FB240074A504 /* HomeViewController.swift in Sources */ = {isa = PBXBuildFile; fileRef = 783A7C8D2208FB240074A504 /* HomeViewController.swift */; };
		7CB1C2346392BFC294E8B56F /* Pods_FortniteStatsTests.framework in Frameworks */ = {isa = PBXBuildFile; fileRef = 0B2C933779794244F1E870FA /* Pods_FortniteStatsTests.framework */; };
		7E472BDC1CAA9F943A7861BE /* Pods_FortniteStatsUITests.framework in Frameworks */ = {isa = PBXBuildFile; fileRef = 57A27024CBD4744B194D5497 /* Pods_FortniteStatsUITests.framework */; };
		9432ED207F906B86D0801F8D /* Pods_FortniteStats.framework in Frameworks */ = {isa = PBXBuildFile; fileRef = 22855F453042592C5181AE9D /* Pods_FortniteStats.framework */; };
		E0074DCC20BF30F900457414 /* Snackbar.swift in Sources */ = {isa = PBXBuildFile; fileRef = E0074DCB20BF30F900457414 /* Snackbar.swift */; };
		E00AC9E8209B69E20092CA7C /* AlertsViewControllerExtension.swift in Sources */ = {isa = PBXBuildFile; fileRef = E00AC9E7209B69E20092CA7C /* AlertsViewControllerExtension.swift */; };
		E00AC9EB209B77950092CA7C /* PlatformSegmentedControl.swift in Sources */ = {isa = PBXBuildFile; fileRef = E00AC9EA209B77950092CA7C /* PlatformSegmentedControl.swift */; };
		E00AC9ED209B83DF0092CA7C /* HttpErrosModel.swift in Sources */ = {isa = PBXBuildFile; fileRef = E00AC9EC209B83DF0092CA7C /* HttpErrosModel.swift */; };
		E00F1487208FBFDE00F98F4D /* UsersService.swift in Sources */ = {isa = PBXBuildFile; fileRef = E00F1486208FBFDE00F98F4D /* UsersService.swift */; };
		E04B13AA20926D21002241A8 /* HttpErrors.swift in Sources */ = {isa = PBXBuildFile; fileRef = E04B13A920926D21002241A8 /* HttpErrors.swift */; };
		E06C64CF20A4D6E40006E21A /* LoginViewControllerUITest.swift in Sources */ = {isa = PBXBuildFile; fileRef = E06C64CE20A4D6E30006E21A /* LoginViewControllerUITest.swift */; };
		E081AD48209BA80400E80D22 /* Home.storyboard in Resources */ = {isa = PBXBuildFile; fileRef = E081AD47209BA80400E80D22 /* Home.storyboard */; };
		E081AD4B209BC51500E80D22 /* FortniteStats.xcdatamodeld in Sources */ = {isa = PBXBuildFile; fileRef = E081AD49209BC51500E80D22 /* FortniteStats.xcdatamodeld */; };
		E094C6BA207FEAFA00545CB5 /* AppDelegate.swift in Sources */ = {isa = PBXBuildFile; fileRef = E094C6B9207FEAFA00545CB5 /* AppDelegate.swift */; };
		E094C6BC207FEAFA00545CB5 /* AddUserViewController.swift in Sources */ = {isa = PBXBuildFile; fileRef = E094C6BB207FEAFA00545CB5 /* AddUserViewController.swift */; };
		E094C6BF207FEAFA00545CB5 /* AddUser.storyboard in Resources */ = {isa = PBXBuildFile; fileRef = E094C6BD207FEAFA00545CB5 /* AddUser.storyboard */; };
		E094C6C1207FEAFA00545CB5 /* Assets.xcassets in Resources */ = {isa = PBXBuildFile; fileRef = E094C6C0207FEAFA00545CB5 /* Assets.xcassets */; };
		E094C6C4207FEAFA00545CB5 /* LaunchScreen.storyboard in Resources */ = {isa = PBXBuildFile; fileRef = E094C6C2207FEAFA00545CB5 /* LaunchScreen.storyboard */; };
		E094C6CF207FEAFA00545CB5 /* LoginViewModelTest.swift in Sources */ = {isa = PBXBuildFile; fileRef = E094C6CE207FEAFA00545CB5 /* LoginViewModelTest.swift */; };
		E0B688DA209C969E00C83D07 /* DBConnection.swift in Sources */ = {isa = PBXBuildFile; fileRef = E0B688D9209C969E00C83D07 /* DBConnection.swift */; };
		E0B688DC209CA9F000C83D07 /* UserDB.swift in Sources */ = {isa = PBXBuildFile; fileRef = E0B688DB209CA9F000C83D07 /* UserDB.swift */; };
		E0B688DE209CB94E00C83D07 /* IAddUserViewModel.swift in Sources */ = {isa = PBXBuildFile; fileRef = E0B688DD209CB94E00C83D07 /* IAddUserViewModel.swift */; };
		E0C5D0B620A5D8C300CEB24E /* LoginRepositoryMock.swift in Sources */ = {isa = PBXBuildFile; fileRef = E0C5D0B520A5D8C300CEB24E /* LoginRepositoryMock.swift */; };
		E0C5D0BA20A5D9B700CEB24E /* User.json in Resources */ = {isa = PBXBuildFile; fileRef = E0C5D0B920A5D9B700CEB24E /* User.json */; };
		E0C5D0BD20A61DA600CEB24E /* XCTestCase.swift in Sources */ = {isa = PBXBuildFile; fileRef = E0C5D0BC20A61DA600CEB24E /* XCTestCase.swift */; };
		E0FF85A7208A2A89004F9F8F /* AddUserViewModel.swift in Sources */ = {isa = PBXBuildFile; fileRef = E0FF85A6208A2A89004F9F8F /* AddUserViewModel.swift */; };
		E0FF85A9208A3135004F9F8F /* HttpRequest.swift in Sources */ = {isa = PBXBuildFile; fileRef = E0FF85A8208A3135004F9F8F /* HttpRequest.swift */; };
		E0FF85AC208A38C7004F9F8F /* Api.swift in Sources */ = {isa = PBXBuildFile; fileRef = E0FF85AB208A38C7004F9F8F /* Api.swift */; };
		E0FF85AE208A81A5004F9F8F /* UserModel.swift in Sources */ = {isa = PBXBuildFile; fileRef = E0FF85AD208A81A5004F9F8F /* UserModel.swift */; };
/* End PBXBuildFile section */

/* Begin PBXContainerItemProxy section */
		E094C6CB207FEAFA00545CB5 /* PBXContainerItemProxy */ = {
			isa = PBXContainerItemProxy;
			containerPortal = E094C6AE207FEAF900545CB5 /* Project object */;
			proxyType = 1;
			remoteGlobalIDString = E094C6B5207FEAFA00545CB5;
			remoteInfo = FortniteStats;
		};
		E094C6D6207FEAFA00545CB5 /* PBXContainerItemProxy */ = {
			isa = PBXContainerItemProxy;
			containerPortal = E094C6AE207FEAF900545CB5 /* Project object */;
			proxyType = 1;
			remoteGlobalIDString = E094C6B5207FEAFA00545CB5;
			remoteInfo = FortniteStats;
		};
/* End PBXContainerItemProxy section */

/* Begin PBXFileReference section */
		03392DAB7059AA9A4DD407E0 /* Pods-FortniteStatsTests.debug.xcconfig */ = {isa = PBXFileReference; includeInIndex = 1; lastKnownFileType = text.xcconfig; name = "Pods-FortniteStatsTests.debug.xcconfig"; path = "Pods/Target Support Files/Pods-FortniteStatsTests/Pods-FortniteStatsTests.debug.xcconfig"; sourceTree = "<group>"; };
		0B2C933779794244F1E870FA /* Pods_FortniteStatsTests.framework */ = {isa = PBXFileReference; explicitFileType = wrapper.framework; includeInIndex = 0; path = Pods_FortniteStatsTests.framework; sourceTree = BUILT_PRODUCTS_DIR; };
		22855F453042592C5181AE9D /* Pods_FortniteStats.framework */ = {isa = PBXFileReference; explicitFileType = wrapper.framework; includeInIndex = 0; path = Pods_FortniteStats.framework; sourceTree = BUILT_PRODUCTS_DIR; };
		374B66E718C07DF8974D702C /* Pods-FortniteStatsTests.release.xcconfig */ = {isa = PBXFileReference; includeInIndex = 1; lastKnownFileType = text.xcconfig; name = "Pods-FortniteStatsTests.release.xcconfig"; path = "Pods/Target Support Files/Pods-FortniteStatsTests/Pods-FortniteStatsTests.release.xcconfig"; sourceTree = "<group>"; };
		57A27024CBD4744B194D5497 /* Pods_FortniteStatsUITests.framework */ = {isa = PBXFileReference; explicitFileType = wrapper.framework; includeInIndex = 0; path = Pods_FortniteStatsUITests.framework; sourceTree = BUILT_PRODUCTS_DIR; };
		783A7C862208E7270074A504 /* RoundedImageView.swift */ = {isa = PBXFileReference; lastKnownFileType = sourcecode.swift; path = RoundedImageView.swift; sourceTree = "<group>"; };
		783A7C882208F5980074A504 /* LifetimeCell.swift */ = {isa = PBXFileReference; lastKnownFileType = sourcecode.swift; path = LifetimeCell.swift; sourceTree = "<group>"; };
		783A7C892208F5980074A504 /* LifetimeCell.xib */ = {isa = PBXFileReference; lastKnownFileType = file.xib; path = LifetimeCell.xib; sourceTree = "<group>"; };
		783A7C8D2208FB240074A504 /* HomeViewController.swift */ = {isa = PBXFileReference; lastKnownFileType = sourcecode.swift; path = HomeViewController.swift; sourceTree = "<group>"; };
		9E99AEE0FFAADBA5B2A255A9 /* Pods-FortniteStatsUITests.debug.xcconfig */ = {isa = PBXFileReference; includeInIndex = 1; lastKnownFileType = text.xcconfig; name = "Pods-FortniteStatsUITests.debug.xcconfig"; path = "Pods/Target Support Files/Pods-FortniteStatsUITests/Pods-FortniteStatsUITests.debug.xcconfig"; sourceTree = "<group>"; };
		CC03531E9809C6B7A9497D45 /* Pods-FortniteStats.release.xcconfig */ = {isa = PBXFileReference; includeInIndex = 1; lastKnownFileType = text.xcconfig; name = "Pods-FortniteStats.release.xcconfig"; path = "Pods/Target Support Files/Pods-FortniteStats/Pods-FortniteStats.release.xcconfig"; sourceTree = "<group>"; };
		D84C3AA0A74E890A37C39CE1 /* Pods-FortniteStatsUITests.release.xcconfig */ = {isa = PBXFileReference; includeInIndex = 1; lastKnownFileType = text.xcconfig; name = "Pods-FortniteStatsUITests.release.xcconfig"; path = "Pods/Target Support Files/Pods-FortniteStatsUITests/Pods-FortniteStatsUITests.release.xcconfig"; sourceTree = "<group>"; };
		E0074DCB20BF30F900457414 /* Snackbar.swift */ = {isa = PBXFileReference; lastKnownFileType = sourcecode.swift; path = Snackbar.swift; sourceTree = "<group>"; };
		E00AC9E7209B69E20092CA7C /* AlertsViewControllerExtension.swift */ = {isa = PBXFileReference; lastKnownFileType = sourcecode.swift; path = AlertsViewControllerExtension.swift; sourceTree = "<group>"; };
		E00AC9EA209B77950092CA7C /* PlatformSegmentedControl.swift */ = {isa = PBXFileReference; lastKnownFileType = sourcecode.swift; path = PlatformSegmentedControl.swift; sourceTree = "<group>"; };
		E00AC9EC209B83DF0092CA7C /* HttpErrosModel.swift */ = {isa = PBXFileReference; lastKnownFileType = sourcecode.swift; path = HttpErrosModel.swift; sourceTree = "<group>"; };
		E00F1486208FBFDE00F98F4D /* UsersService.swift */ = {isa = PBXFileReference; lastKnownFileType = sourcecode.swift; path = UsersService.swift; sourceTree = "<group>"; };
		E04B13A920926D21002241A8 /* HttpErrors.swift */ = {isa = PBXFileReference; lastKnownFileType = sourcecode.swift; path = HttpErrors.swift; sourceTree = "<group>"; };
		E06C64CE20A4D6E30006E21A /* LoginViewControllerUITest.swift */ = {isa = PBXFileReference; lastKnownFileType = sourcecode.swift; path = LoginViewControllerUITest.swift; sourceTree = "<group>"; };
		E081AD47209BA80400E80D22 /* Home.storyboard */ = {isa = PBXFileReference; lastKnownFileType = file.storyboard; path = Home.storyboard; sourceTree = "<group>"; };
		E081AD4A209BC51500E80D22 /* FortniteStats.xcdatamodel */ = {isa = PBXFileReference; lastKnownFileType = wrapper.xcdatamodel; path = FortniteStats.xcdatamodel; sourceTree = "<group>"; };
		E094C6B6207FEAFA00545CB5 /* FortniteStats.app */ = {isa = PBXFileReference; explicitFileType = wrapper.application; includeInIndex = 0; path = FortniteStats.app; sourceTree = BUILT_PRODUCTS_DIR; };
		E094C6B9207FEAFA00545CB5 /* AppDelegate.swift */ = {isa = PBXFileReference; lastKnownFileType = sourcecode.swift; path = AppDelegate.swift; sourceTree = "<group>"; };
		E094C6BB207FEAFA00545CB5 /* AddUserViewController.swift */ = {isa = PBXFileReference; lastKnownFileType = sourcecode.swift; path = AddUserViewController.swift; sourceTree = "<group>"; };
		E094C6BE207FEAFA00545CB5 /* Base */ = {isa = PBXFileReference; lastKnownFileType = file.storyboard; name = Base; path = Base.lproj/AddUser.storyboard; sourceTree = "<group>"; };
		E094C6C0207FEAFA00545CB5 /* Assets.xcassets */ = {isa = PBXFileReference; lastKnownFileType = folder.assetcatalog; path = Assets.xcassets; sourceTree = "<group>"; };
		E094C6C3207FEAFA00545CB5 /* Base */ = {isa = PBXFileReference; lastKnownFileType = file.storyboard; name = Base; path = Base.lproj/LaunchScreen.storyboard; sourceTree = "<group>"; };
		E094C6C5207FEAFA00545CB5 /* Info.plist */ = {isa = PBXFileReference; lastKnownFileType = text.plist.xml; path = Info.plist; sourceTree = "<group>"; };
		E094C6CA207FEAFA00545CB5 /* FortniteStatsTests.xctest */ = {isa = PBXFileReference; explicitFileType = wrapper.cfbundle; includeInIndex = 0; path = FortniteStatsTests.xctest; sourceTree = BUILT_PRODUCTS_DIR; };
		E094C6CE207FEAFA00545CB5 /* LoginViewModelTest.swift */ = {isa = PBXFileReference; lastKnownFileType = sourcecode.swift; path = LoginViewModelTest.swift; sourceTree = "<group>"; };
		E094C6D0207FEAFA00545CB5 /* Info.plist */ = {isa = PBXFileReference; lastKnownFileType = text.plist.xml; path = Info.plist; sourceTree = "<group>"; };
		E094C6D5207FEAFA00545CB5 /* FortniteStatsUITests.xctest */ = {isa = PBXFileReference; explicitFileType = wrapper.cfbundle; includeInIndex = 0; path = FortniteStatsUITests.xctest; sourceTree = BUILT_PRODUCTS_DIR; };
		E094C6DB207FEAFA00545CB5 /* Info.plist */ = {isa = PBXFileReference; lastKnownFileType = text.plist.xml; path = Info.plist; sourceTree = "<group>"; };
		E0B688D9209C969E00C83D07 /* DBConnection.swift */ = {isa = PBXFileReference; lastKnownFileType = sourcecode.swift; path = DBConnection.swift; sourceTree = "<group>"; };
		E0B688DB209CA9F000C83D07 /* UserDB.swift */ = {isa = PBXFileReference; lastKnownFileType = sourcecode.swift; path = UserDB.swift; sourceTree = "<group>"; };
		E0B688DD209CB94E00C83D07 /* IAddUserViewModel.swift */ = {isa = PBXFileReference; lastKnownFileType = sourcecode.swift; path = IAddUserViewModel.swift; sourceTree = "<group>"; };
		E0C5D0B520A5D8C300CEB24E /* LoginRepositoryMock.swift */ = {isa = PBXFileReference; lastKnownFileType = sourcecode.swift; path = LoginRepositoryMock.swift; sourceTree = "<group>"; };
		E0C5D0B920A5D9B700CEB24E /* User.json */ = {isa = PBXFileReference; lastKnownFileType = text.json; path = User.json; sourceTree = "<group>"; };
		E0C5D0BC20A61DA600CEB24E /* XCTestCase.swift */ = {isa = PBXFileReference; lastKnownFileType = sourcecode.swift; path = XCTestCase.swift; sourceTree = "<group>"; };
		E0FF85A6208A2A89004F9F8F /* AddUserViewModel.swift */ = {isa = PBXFileReference; lastKnownFileType = sourcecode.swift; path = AddUserViewModel.swift; sourceTree = "<group>"; };
		E0FF85A8208A3135004F9F8F /* HttpRequest.swift */ = {isa = PBXFileReference; lastKnownFileType = sourcecode.swift; path = HttpRequest.swift; sourceTree = "<group>"; };
		E0FF85AB208A38C7004F9F8F /* Api.swift */ = {isa = PBXFileReference; lastKnownFileType = sourcecode.swift; path = Api.swift; sourceTree = "<group>"; };
		E0FF85AD208A81A5004F9F8F /* UserModel.swift */ = {isa = PBXFileReference; lastKnownFileType = sourcecode.swift; path = UserModel.swift; sourceTree = "<group>"; };
		F1EC0B36FCF0C84318BB5EBD /* Pods-FortniteStats.debug.xcconfig */ = {isa = PBXFileReference; includeInIndex = 1; lastKnownFileType = text.xcconfig; name = "Pods-FortniteStats.debug.xcconfig"; path = "Pods/Target Support Files/Pods-FortniteStats/Pods-FortniteStats.debug.xcconfig"; sourceTree = "<group>"; };
/* End PBXFileReference section */

/* Begin PBXFrameworksBuildPhase section */
		E094C6B3207FEAFA00545CB5 /* Frameworks */ = {
			isa = PBXFrameworksBuildPhase;
			buildActionMask = 2147483647;
			files = (
				9432ED207F906B86D0801F8D /* Pods_FortniteStats.framework in Frameworks */,
			);
			runOnlyForDeploymentPostprocessing = 0;
		};
		E094C6C7207FEAFA00545CB5 /* Frameworks */ = {
			isa = PBXFrameworksBuildPhase;
			buildActionMask = 2147483647;
			files = (
				7CB1C2346392BFC294E8B56F /* Pods_FortniteStatsTests.framework in Frameworks */,
			);
			runOnlyForDeploymentPostprocessing = 0;
		};
		E094C6D2207FEAFA00545CB5 /* Frameworks */ = {
			isa = PBXFrameworksBuildPhase;
			buildActionMask = 2147483647;
			files = (
				7E472BDC1CAA9F943A7861BE /* Pods_FortniteStatsUITests.framework in Frameworks */,
			);
			runOnlyForDeploymentPostprocessing = 0;
		};
/* End PBXFrameworksBuildPhase section */

/* Begin PBXGroup section */
		425D02E21B9ABB810501317F /* Pods */ = {
			isa = PBXGroup;
			children = (
				F1EC0B36FCF0C84318BB5EBD /* Pods-FortniteStats.debug.xcconfig */,
				CC03531E9809C6B7A9497D45 /* Pods-FortniteStats.release.xcconfig */,
				03392DAB7059AA9A4DD407E0 /* Pods-FortniteStatsTests.debug.xcconfig */,
				374B66E718C07DF8974D702C /* Pods-FortniteStatsTests.release.xcconfig */,
				9E99AEE0FFAADBA5B2A255A9 /* Pods-FortniteStatsUITests.debug.xcconfig */,
				D84C3AA0A74E890A37C39CE1 /* Pods-FortniteStatsUITests.release.xcconfig */,
			);
			name = Pods;
			sourceTree = "<group>";
		};
		5A658080C9DC7144D17494FE /* Frameworks */ = {
			isa = PBXGroup;
			children = (
				22855F453042592C5181AE9D /* Pods_FortniteStats.framework */,
				0B2C933779794244F1E870FA /* Pods_FortniteStatsTests.framework */,
				57A27024CBD4744B194D5497 /* Pods_FortniteStatsUITests.framework */,
			);
			name = Frameworks;
			sourceTree = "<group>";
		};
		783A7C8C2208F59E0074A504 /* Cells */ = {
			isa = PBXGroup;
			children = (
				783A7C882208F5980074A504 /* LifetimeCell.swift */,
				783A7C892208F5980074A504 /* LifetimeCell.xib */,
			);
			path = Cells;
			sourceTree = "<group>";
		};
		E00AC9E6209B69B80092CA7C /* Extensions */ = {
			isa = PBXGroup;
			children = (
				E00AC9E7209B69E20092CA7C /* AlertsViewControllerExtension.swift */,
			);
			path = Extensions;
			sourceTree = "<group>";
		};
		E00AC9E9209B775B0092CA7C /* CustomsComponents */ = {
			isa = PBXGroup;
			children = (
				783A7C8C2208F59E0074A504 /* Cells */,
				E00AC9EA209B77950092CA7C /* PlatformSegmentedControl.swift */,
				E0074DCB20BF30F900457414 /* Snackbar.swift */,
				783A7C862208E7270074A504 /* RoundedImageView.swift */,
			);
			path = CustomsComponents;
			sourceTree = "<group>";
		};
		E00F1485208FA8B500F98F4D /* Services */ = {
			isa = PBXGroup;
			children = (
				E00F1486208FBFDE00F98F4D /* UsersService.swift */,
			);
			path = Services;
			sourceTree = "<group>";
		};
		E081AD4C209BC52200E80D22 /* CoreData */ = {
			isa = PBXGroup;
			children = (
				E081AD49209BC51500E80D22 /* FortniteStats.xcdatamodeld */,
				E0B688D9209C969E00C83D07 /* DBConnection.swift */,
				E0B688DB209CA9F000C83D07 /* UserDB.swift */,
			);
			path = CoreData;
			sourceTree = "<group>";
		};
		E094C6AD207FEAF900545CB5 = {
			isa = PBXGroup;
			children = (
				E094C6B8207FEAFA00545CB5 /* FortniteStats */,
				E094C6CD207FEAFA00545CB5 /* FortniteStatsTests */,
				E094C6D8207FEAFA00545CB5 /* FortniteStatsUITests */,
				E094C6B7207FEAFA00545CB5 /* Products */,
				425D02E21B9ABB810501317F /* Pods */,
				5A658080C9DC7144D17494FE /* Frameworks */,
			);
			sourceTree = "<group>";
		};
		E094C6B7207FEAFA00545CB5 /* Products */ = {
			isa = PBXGroup;
			children = (
				E094C6B6207FEAFA00545CB5 /* FortniteStats.app */,
				E094C6CA207FEAFA00545CB5 /* FortniteStatsTests.xctest */,
				E094C6D5207FEAFA00545CB5 /* FortniteStatsUITests.xctest */,
			);
			name = Products;
			sourceTree = "<group>";
		};
		E094C6B8207FEAFA00545CB5 /* FortniteStats */ = {
			isa = PBXGroup;
			children = (
				E0FF85AA208A38B0004F9F8F /* Api */,
				E0FF85A5208A1D92004F9F8F /* Utils */,
				E094C6E9207FEB8500545CB5 /* Models */,
				E081AD4C209BC52200E80D22 /* CoreData */,
				E00F1485208FA8B500F98F4D /* Services */,
				E00AC9E6209B69B80092CA7C /* Extensions */,
				E094C6EA207FEB9300545CB5 /* Storyboards */,
				E094C6E8207FEB7700545CB5 /* ViewModels */,
				E094C6E7207FEB7000545CB5 /* ViewControllers */,
				E00AC9E9209B775B0092CA7C /* CustomsComponents */,
				E094C6B9207FEAFA00545CB5 /* AppDelegate.swift */,
				E094C6C0207FEAFA00545CB5 /* Assets.xcassets */,
				E094C6C5207FEAFA00545CB5 /* Info.plist */,
			);
			path = FortniteStats;
			sourceTree = "<group>";
		};
		E094C6CD207FEAFA00545CB5 /* FortniteStatsTests */ = {
			isa = PBXGroup;
			children = (
				E0C5D0B820A5D99300CEB24E /* Stubs */,
				E0C5D0BB20A61D9000CEB24E /* Extension */,
				E0C5D0B720A5D97600CEB24E /* TestCases */,
				E0C5D0B420A5D89D00CEB24E /* Mocks */,
				E094C6D0207FEAFA00545CB5 /* Info.plist */,
			);
			path = FortniteStatsTests;
			sourceTree = "<group>";
		};
		E094C6D8207FEAFA00545CB5 /* FortniteStatsUITests */ = {
			isa = PBXGroup;
			children = (
				E06C64CE20A4D6E30006E21A /* LoginViewControllerUITest.swift */,
				E094C6DB207FEAFA00545CB5 /* Info.plist */,
			);
			path = FortniteStatsUITests;
			sourceTree = "<group>";
		};
		E094C6E7207FEB7000545CB5 /* ViewControllers */ = {
			isa = PBXGroup;
			children = (
				E094C6BB207FEAFA00545CB5 /* AddUserViewController.swift */,
				783A7C8D2208FB240074A504 /* HomeViewController.swift */,
			);
			path = ViewControllers;
			sourceTree = "<group>";
		};
		E094C6E8207FEB7700545CB5 /* ViewModels */ = {
			isa = PBXGroup;
			children = (
				E0B688DF209CC49100C83D07 /* Interfaces */,
				E0FF85A6208A2A89004F9F8F /* AddUserViewModel.swift */,
			);
			path = ViewModels;
			sourceTree = "<group>";
		};
		E094C6E9207FEB8500545CB5 /* Models */ = {
			isa = PBXGroup;
			children = (
				E0FF85AD208A81A5004F9F8F /* UserModel.swift */,
				E00AC9EC209B83DF0092CA7C /* HttpErrosModel.swift */,
			);
			path = Models;
			sourceTree = "<group>";
		};
		E094C6EA207FEB9300545CB5 /* Storyboards */ = {
			isa = PBXGroup;
			children = (
				E094C6BD207FEAFA00545CB5 /* AddUser.storyboard */,
				E094C6C2207FEAFA00545CB5 /* LaunchScreen.storyboard */,
				E081AD47209BA80400E80D22 /* Home.storyboard */,
			);
			path = Storyboards;
			sourceTree = "<group>";
		};
		E0B688DF209CC49100C83D07 /* Interfaces */ = {
			isa = PBXGroup;
			children = (
				E0B688DD209CB94E00C83D07 /* IAddUserViewModel.swift */,
			);
			path = Interfaces;
			sourceTree = "<group>";
		};
		E0C5D0B420A5D89D00CEB24E /* Mocks */ = {
			isa = PBXGroup;
			children = (
				E0C5D0B520A5D8C300CEB24E /* LoginRepositoryMock.swift */,
			);
			path = Mocks;
			sourceTree = "<group>";
		};
		E0C5D0B720A5D97600CEB24E /* TestCases */ = {
			isa = PBXGroup;
			children = (
				E094C6CE207FEAFA00545CB5 /* LoginViewModelTest.swift */,
			);
			path = TestCases;
			sourceTree = "<group>";
		};
		E0C5D0B820A5D99300CEB24E /* Stubs */ = {
			isa = PBXGroup;
			children = (
				E0C5D0B920A5D9B700CEB24E /* User.json */,
			);
			path = Stubs;
			sourceTree = "<group>";
		};
		E0C5D0BB20A61D9000CEB24E /* Extension */ = {
			isa = PBXGroup;
			children = (
				E0C5D0BC20A61DA600CEB24E /* XCTestCase.swift */,
			);
			path = Extension;
			sourceTree = "<group>";
		};
		E0FF85A5208A1D92004F9F8F /* Utils */ = {
			isa = PBXGroup;
			children = (
				E0FF85A8208A3135004F9F8F /* HttpRequest.swift */,
				E04B13A920926D21002241A8 /* HttpErrors.swift */,
			);
			path = Utils;
			sourceTree = "<group>";
		};
		E0FF85AA208A38B0004F9F8F /* Api */ = {
			isa = PBXGroup;
			children = (
				E0FF85AB208A38C7004F9F8F /* Api.swift */,
			);
			path = Api;
			sourceTree = "<group>";
		};
/* End PBXGroup section */

/* Begin PBXNativeTarget section */
		E094C6B5207FEAFA00545CB5 /* FortniteStats */ = {
			isa = PBXNativeTarget;
			buildConfigurationList = E094C6DE207FEAFA00545CB5 /* Build configuration list for PBXNativeTarget "FortniteStats" */;
			buildPhases = (
				170E57D6E7CFAC5E6AB8B651 /* [CP] Check Pods Manifest.lock */,
				E094C6B2207FEAFA00545CB5 /* Sources */,
				E094C6B3207FEAFA00545CB5 /* Frameworks */,
				E094C6B4207FEAFA00545CB5 /* Resources */,
				8C92AB4FA6A7C269FDEE70CB /* [CP] Embed Pods Frameworks */,
			);
			buildRules = (
			);
			dependencies = (
			);
			name = FortniteStats;
			productName = FortniteStats;
			productReference = E094C6B6207FEAFA00545CB5 /* FortniteStats.app */;
			productType = "com.apple.product-type.application";
		};
		E094C6C9207FEAFA00545CB5 /* FortniteStatsTests */ = {
			isa = PBXNativeTarget;
			buildConfigurationList = E094C6E1207FEAFA00545CB5 /* Build configuration list for PBXNativeTarget "FortniteStatsTests" */;
			buildPhases = (
				DC50E17F348F480CA9E37A13 /* [CP] Check Pods Manifest.lock */,
				E094C6C6207FEAFA00545CB5 /* Sources */,
				E094C6C7207FEAFA00545CB5 /* Frameworks */,
				E094C6C8207FEAFA00545CB5 /* Resources */,
			);
			buildRules = (
			);
			dependencies = (
				E094C6CC207FEAFA00545CB5 /* PBXTargetDependency */,
			);
			name = FortniteStatsTests;
			productName = FortniteStatsTests;
			productReference = E094C6CA207FEAFA00545CB5 /* FortniteStatsTests.xctest */;
			productType = "com.apple.product-type.bundle.unit-test";
		};
		E094C6D4207FEAFA00545CB5 /* FortniteStatsUITests */ = {
			isa = PBXNativeTarget;
			buildConfigurationList = E094C6E4207FEAFA00545CB5 /* Build configuration list for PBXNativeTarget "FortniteStatsUITests" */;
			buildPhases = (
				A9D999369CAA86B45B82EDD5 /* [CP] Check Pods Manifest.lock */,
				E094C6D1207FEAFA00545CB5 /* Sources */,
				E094C6D2207FEAFA00545CB5 /* Frameworks */,
				E094C6D3207FEAFA00545CB5 /* Resources */,
			);
			buildRules = (
			);
			dependencies = (
				E094C6D7207FEAFA00545CB5 /* PBXTargetDependency */,
			);
			name = FortniteStatsUITests;
			productName = FortniteStatsUITests;
			productReference = E094C6D5207FEAFA00545CB5 /* FortniteStatsUITests.xctest */;
			productType = "com.apple.product-type.bundle.ui-testing";
		};
/* End PBXNativeTarget section */

/* Begin PBXProject section */
		E094C6AE207FEAF900545CB5 /* Project object */ = {
			isa = PBXProject;
			attributes = {
				LastSwiftUpdateCheck = 0920;
				LastUpgradeCheck = 1010;
				ORGANIZATIONNAME = "Jair Pinedo";
				TargetAttributes = {
					E094C6B5207FEAFA00545CB5 = {
						CreatedOnToolsVersion = 9.2;
						LastSwiftMigration = 1010;
						ProvisioningStyle = Automatic;
					};
					E094C6C9207FEAFA00545CB5 = {
						CreatedOnToolsVersion = 9.2;
						LastSwiftMigration = 1010;
						ProvisioningStyle = Automatic;
						TestTargetID = E094C6B5207FEAFA00545CB5;
					};
					E094C6D4207FEAFA00545CB5 = {
						CreatedOnToolsVersion = 9.2;
						LastSwiftMigration = 1010;
						ProvisioningStyle = Automatic;
						TestTargetID = E094C6B5207FEAFA00545CB5;
					};
				};
			};
			buildConfigurationList = E094C6B1207FEAF900545CB5 /* Build configuration list for PBXProject "FortniteStats" */;
			compatibilityVersion = "Xcode 8.0";
			developmentRegion = en;
			hasScannedForEncodings = 0;
			knownRegions = (
				en,
				Base,
			);
			mainGroup = E094C6AD207FEAF900545CB5;
			productRefGroup = E094C6B7207FEAFA00545CB5 /* Products */;
			projectDirPath = "";
			projectRoot = "";
			targets = (
				E094C6B5207FEAFA00545CB5 /* FortniteStats */,
				E094C6C9207FEAFA00545CB5 /* FortniteStatsTests */,
				E094C6D4207FEAFA00545CB5 /* FortniteStatsUITests */,
			);
		};
/* End PBXProject section */

/* Begin PBXResourcesBuildPhase section */
		E094C6B4207FEAFA00545CB5 /* Resources */ = {
			isa = PBXResourcesBuildPhase;
			buildActionMask = 2147483647;
			files = (
				E094C6C4207FEAFA00545CB5 /* LaunchScreen.storyboard in Resources */,
				E094C6C1207FEAFA00545CB5 /* Assets.xcassets in Resources */,
				783A7C8B2208F5980074A504 /* LifetimeCell.xib in Resources */,
				E094C6BF207FEAFA00545CB5 /* AddUser.storyboard in Resources */,
				E081AD48209BA80400E80D22 /* Home.storyboard in Resources */,
			);
			runOnlyForDeploymentPostprocessing = 0;
		};
		E094C6C8207FEAFA00545CB5 /* Resources */ = {
			isa = PBXResourcesBuildPhase;
			buildActionMask = 2147483647;
			files = (
				E0C5D0BA20A5D9B700CEB24E /* User.json in Resources */,
			);
			runOnlyForDeploymentPostprocessing = 0;
		};
		E094C6D3207FEAFA00545CB5 /* Resources */ = {
			isa = PBXResourcesBuildPhase;
			buildActionMask = 2147483647;
			files = (
			);
			runOnlyForDeploymentPostprocessing = 0;
		};
/* End PBXResourcesBuildPhase section */

/* Begin PBXShellScriptBuildPhase section */
		170E57D6E7CFAC5E6AB8B651 /* [CP] Check Pods Manifest.lock */ = {
			isa = PBXShellScriptBuildPhase;
			buildActionMask = 2147483647;
			files = (
			);
			inputPaths = (
				"${PODS_PODFILE_DIR_PATH}/Podfile.lock",
				"${PODS_ROOT}/Manifest.lock",
			);
			name = "[CP] Check Pods Manifest.lock";
			outputPaths = (
				"$(DERIVED_FILE_DIR)/Pods-FortniteStats-checkManifestLockResult.txt",
			);
			runOnlyForDeploymentPostprocessing = 0;
			shellPath = /bin/sh;
			shellScript = "diff \"${PODS_PODFILE_DIR_PATH}/Podfile.lock\" \"${PODS_ROOT}/Manifest.lock\" > /dev/null\nif [ $? != 0 ] ; then\n    # print error to STDERR\n    echo \"error: The sandbox is not in sync with the Podfile.lock. Run 'pod install' or update your CocoaPods installation.\" >&2\n    exit 1\nfi\n# This output is used by Xcode 'outputs' to avoid re-running this script phase.\necho \"SUCCESS\" > \"${SCRIPT_OUTPUT_FILE_0}\"\n";
			showEnvVarsInLog = 0;
		};
		8C92AB4FA6A7C269FDEE70CB /* [CP] Embed Pods Frameworks */ = {
			isa = PBXShellScriptBuildPhase;
			buildActionMask = 2147483647;
			files = (
			);
			inputPaths = (
				"${SRCROOT}/Pods/Target Support Files/Pods-FortniteStats/Pods-FortniteStats-frameworks.sh",
				"${BUILT_PRODUCTS_DIR}/Alamofire/Alamofire.framework",
			);
			name = "[CP] Embed Pods Frameworks";
			outputPaths = (
				"${TARGET_BUILD_DIR}/${FRAMEWORKS_FOLDER_PATH}/Alamofire.framework",
			);
			runOnlyForDeploymentPostprocessing = 0;
			shellPath = /bin/sh;
			shellScript = "\"${SRCROOT}/Pods/Target Support Files/Pods-FortniteStats/Pods-FortniteStats-frameworks.sh\"\n";
			showEnvVarsInLog = 0;
		};
		A9D999369CAA86B45B82EDD5 /* [CP] Check Pods Manifest.lock */ = {
			isa = PBXShellScriptBuildPhase;
			buildActionMask = 2147483647;
			files = (
			);
			inputPaths = (
				"${PODS_PODFILE_DIR_PATH}/Podfile.lock",
				"${PODS_ROOT}/Manifest.lock",
			);
			name = "[CP] Check Pods Manifest.lock";
			outputPaths = (
				"$(DERIVED_FILE_DIR)/Pods-FortniteStatsUITests-checkManifestLockResult.txt",
			);
			runOnlyForDeploymentPostprocessing = 0;
			shellPath = /bin/sh;
			shellScript = "diff \"${PODS_PODFILE_DIR_PATH}/Podfile.lock\" \"${PODS_ROOT}/Manifest.lock\" > /dev/null\nif [ $? != 0 ] ; then\n    # print error to STDERR\n    echo \"error: The sandbox is not in sync with the Podfile.lock. Run 'pod install' or update your CocoaPods installation.\" >&2\n    exit 1\nfi\n# This output is used by Xcode 'outputs' to avoid re-running this script phase.\necho \"SUCCESS\" > \"${SCRIPT_OUTPUT_FILE_0}\"\n";
			showEnvVarsInLog = 0;
		};
		DC50E17F348F480CA9E37A13 /* [CP] Check Pods Manifest.lock */ = {
			isa = PBXShellScriptBuildPhase;
			buildActionMask = 2147483647;
			files = (
			);
			inputPaths = (
				"${PODS_PODFILE_DIR_PATH}/Podfile.lock",
				"${PODS_ROOT}/Manifest.lock",
			);
			name = "[CP] Check Pods Manifest.lock";
			outputPaths = (
				"$(DERIVED_FILE_DIR)/Pods-FortniteStatsTests-checkManifestLockResult.txt",
			);
			runOnlyForDeploymentPostprocessing = 0;
			shellPath = /bin/sh;
			shellScript = "diff \"${PODS_PODFILE_DIR_PATH}/Podfile.lock\" \"${PODS_ROOT}/Manifest.lock\" > /dev/null\nif [ $? != 0 ] ; then\n    # print error to STDERR\n    echo \"error: The sandbox is not in sync with the Podfile.lock. Run 'pod install' or update your CocoaPods installation.\" >&2\n    exit 1\nfi\n# This output is used by Xcode 'outputs' to avoid re-running this script phase.\necho \"SUCCESS\" > \"${SCRIPT_OUTPUT_FILE_0}\"\n";
			showEnvVarsInLog = 0;
		};
/* End PBXShellScriptBuildPhase section */

/* Begin PBXSourcesBuildPhase section */
		E094C6B2207FEAFA00545CB5 /* Sources */ = {
			isa = PBXSourcesBuildPhase;
			buildActionMask = 2147483647;
			files = (
				E0B688DE209CB94E00C83D07 /* IAddUserViewModel.swift in Sources */,
				E04B13AA20926D21002241A8 /* HttpErrors.swift in Sources */,
				783A7C8E2208FB240074A504 /* HomeViewController.swift in Sources */,
				783A7C8A2208F5980074A504 /* LifetimeCell.swift in Sources */,
				E094C6BC207FEAFA00545CB5 /* AddUserViewController.swift in Sources */,
				E0FF85A9208A3135004F9F8F /* HttpRequest.swift in Sources */,
				E0B688DA209C969E00C83D07 /* DBConnection.swift in Sources */,
				E094C6BA207FEAFA00545CB5 /* AppDelegate.swift in Sources */,
				E00AC9ED209B83DF0092CA7C /* HttpErrosModel.swift in Sources */,
				E00F1487208FBFDE00F98F4D /* UsersService.swift in Sources */,
				E0FF85AC208A38C7004F9F8F /* Api.swift in Sources */,
				783A7C872208E7270074A504 /* RoundedImageView.swift in Sources */,
				E0FF85AE208A81A5004F9F8F /* UserModel.swift in Sources */,
				E081AD4B209BC51500E80D22 /* FortniteStats.xcdatamodeld in Sources */,
				E0B688DC209CA9F000C83D07 /* UserDB.swift in Sources */,
				E00AC9EB209B77950092CA7C /* PlatformSegmentedControl.swift in Sources */,
				E00AC9E8209B69E20092CA7C /* AlertsViewControllerExtension.swift in Sources */,
				E0074DCC20BF30F900457414 /* Snackbar.swift in Sources */,
				E0FF85A7208A2A89004F9F8F /* AddUserViewModel.swift in Sources */,
			);
			runOnlyForDeploymentPostprocessing = 0;
		};
		E094C6C6207FEAFA00545CB5 /* Sources */ = {
			isa = PBXSourcesBuildPhase;
			buildActionMask = 2147483647;
			files = (
				E094C6CF207FEAFA00545CB5 /* LoginViewModelTest.swift in Sources */,
				E0C5D0BD20A61DA600CEB24E /* XCTestCase.swift in Sources */,
				E0C5D0B620A5D8C300CEB24E /* LoginRepositoryMock.swift in Sources */,
			);
			runOnlyForDeploymentPostprocessing = 0;
		};
		E094C6D1207FEAFA00545CB5 /* Sources */ = {
			isa = PBXSourcesBuildPhase;
			buildActionMask = 2147483647;
			files = (
				E06C64CF20A4D6E40006E21A /* LoginViewControllerUITest.swift in Sources */,
			);
			runOnlyForDeploymentPostprocessing = 0;
		};
/* End PBXSourcesBuildPhase section */

/* Begin PBXTargetDependency section */
		E094C6CC207FEAFA00545CB5 /* PBXTargetDependency */ = {
			isa = PBXTargetDependency;
			target = E094C6B5207FEAFA00545CB5 /* FortniteStats */;
			targetProxy = E094C6CB207FEAFA00545CB5 /* PBXContainerItemProxy */;
		};
		E094C6D7207FEAFA00545CB5 /* PBXTargetDependency */ = {
			isa = PBXTargetDependency;
			target = E094C6B5207FEAFA00545CB5 /* FortniteStats */;
			targetProxy = E094C6D6207FEAFA00545CB5 /* PBXContainerItemProxy */;
		};
/* End PBXTargetDependency section */

/* Begin PBXVariantGroup section */
		E094C6BD207FEAFA00545CB5 /* AddUser.storyboard */ = {
			isa = PBXVariantGroup;
			children = (
				E094C6BE207FEAFA00545CB5 /* Base */,
			);
			name = AddUser.storyboard;
			sourceTree = "<group>";
		};
		E094C6C2207FEAFA00545CB5 /* LaunchScreen.storyboard */ = {
			isa = PBXVariantGroup;
			children = (
				E094C6C3207FEAFA00545CB5 /* Base */,
			);
			name = LaunchScreen.storyboard;
			sourceTree = "<group>";
		};
/* End PBXVariantGroup section */

/* Begin XCBuildConfiguration section */
		E094C6DC207FEAFA00545CB5 /* Debug */ = {
			isa = XCBuildConfiguration;
			buildSettings = {
				ALWAYS_SEARCH_USER_PATHS = NO;
				CLANG_ANALYZER_NONNULL = YES;
				CLANG_ANALYZER_NUMBER_OBJECT_CONVERSION = YES_AGGRESSIVE;
				CLANG_CXX_LANGUAGE_STANDARD = "gnu++14";
				CLANG_CXX_LIBRARY = "libc++";
				CLANG_ENABLE_MODULES = YES;
				CLANG_ENABLE_OBJC_ARC = YES;
				CLANG_WARN_BLOCK_CAPTURE_AUTORELEASING = YES;
				CLANG_WARN_BOOL_CONVERSION = YES;
				CLANG_WARN_COMMA = YES;
				CLANG_WARN_CONSTANT_CONVERSION = YES;
				CLANG_WARN_DEPRECATED_OBJC_IMPLEMENTATIONS = YES;
				CLANG_WARN_DIRECT_OBJC_ISA_USAGE = YES_ERROR;
				CLANG_WARN_DOCUMENTATION_COMMENTS = YES;
				CLANG_WARN_EMPTY_BODY = YES;
				CLANG_WARN_ENUM_CONVERSION = YES;
				CLANG_WARN_INFINITE_RECURSION = YES;
				CLANG_WARN_INT_CONVERSION = YES;
				CLANG_WARN_NON_LITERAL_NULL_CONVERSION = YES;
				CLANG_WARN_OBJC_IMPLICIT_RETAIN_SELF = YES;
				CLANG_WARN_OBJC_LITERAL_CONVERSION = YES;
				CLANG_WARN_OBJC_ROOT_CLASS = YES_ERROR;
				CLANG_WARN_RANGE_LOOP_ANALYSIS = YES;
				CLANG_WARN_STRICT_PROTOTYPES = YES;
				CLANG_WARN_SUSPICIOUS_MOVE = YES;
				CLANG_WARN_UNGUARDED_AVAILABILITY = YES_AGGRESSIVE;
				CLANG_WARN_UNREACHABLE_CODE = YES;
				CLANG_WARN__DUPLICATE_METHOD_MATCH = YES;
				CODE_SIGN_IDENTITY = "iPhone Developer";
				COPY_PHASE_STRIP = NO;
				DEBUG_INFORMATION_FORMAT = dwarf;
				ENABLE_STRICT_OBJC_MSGSEND = YES;
				ENABLE_TESTABILITY = YES;
				GCC_C_LANGUAGE_STANDARD = gnu11;
				GCC_DYNAMIC_NO_PIC = NO;
				GCC_NO_COMMON_BLOCKS = YES;
				GCC_OPTIMIZATION_LEVEL = 0;
				GCC_PREPROCESSOR_DEFINITIONS = (
					"DEBUG=1",
					"$(inherited)",
				);
				GCC_WARN_64_TO_32_BIT_CONVERSION = YES;
				GCC_WARN_ABOUT_RETURN_TYPE = YES_ERROR;
				GCC_WARN_UNDECLARED_SELECTOR = YES;
				GCC_WARN_UNINITIALIZED_AUTOS = YES_AGGRESSIVE;
				GCC_WARN_UNUSED_FUNCTION = YES;
				GCC_WARN_UNUSED_VARIABLE = YES;
				IPHONEOS_DEPLOYMENT_TARGET = 11.2;
				MTL_ENABLE_DEBUG_INFO = YES;
				ONLY_ACTIVE_ARCH = YES;
				SDKROOT = iphoneos;
				SWIFT_ACTIVE_COMPILATION_CONDITIONS = DEBUG;
				SWIFT_OPTIMIZATION_LEVEL = "-Onone";
			};
			name = Debug;
		};
		E094C6DD207FEAFA00545CB5 /* Release */ = {
			isa = XCBuildConfiguration;
			buildSettings = {
				ALWAYS_SEARCH_USER_PATHS = NO;
				CLANG_ANALYZER_NONNULL = YES;
				CLANG_ANALYZER_NUMBER_OBJECT_CONVERSION = YES_AGGRESSIVE;
				CLANG_CXX_LANGUAGE_STANDARD = "gnu++14";
				CLANG_CXX_LIBRARY = "libc++";
				CLANG_ENABLE_MODULES = YES;
				CLANG_ENABLE_OBJC_ARC = YES;
				CLANG_WARN_BLOCK_CAPTURE_AUTORELEASING = YES;
				CLANG_WARN_BOOL_CONVERSION = YES;
				CLANG_WARN_COMMA = YES;
				CLANG_WARN_CONSTANT_CONVERSION = YES;
				CLANG_WARN_DEPRECATED_OBJC_IMPLEMENTATIONS = YES;
				CLANG_WARN_DIRECT_OBJC_ISA_USAGE = YES_ERROR;
				CLANG_WARN_DOCUMENTATION_COMMENTS = YES;
				CLANG_WARN_EMPTY_BODY = YES;
				CLANG_WARN_ENUM_CONVERSION = YES;
				CLANG_WARN_INFINITE_RECURSION = YES;
				CLANG_WARN_INT_CONVERSION = YES;
				CLANG_WARN_NON_LITERAL_NULL_CONVERSION = YES;
				CLANG_WARN_OBJC_IMPLICIT_RETAIN_SELF = YES;
				CLANG_WARN_OBJC_LITERAL_CONVERSION = YES;
				CLANG_WARN_OBJC_ROOT_CLASS = YES_ERROR;
				CLANG_WARN_RANGE_LOOP_ANALYSIS = YES;
				CLANG_WARN_STRICT_PROTOTYPES = YES;
				CLANG_WARN_SUSPICIOUS_MOVE = YES;
				CLANG_WARN_UNGUARDED_AVAILABILITY = YES_AGGRESSIVE;
				CLANG_WARN_UNREACHABLE_CODE = YES;
				CLANG_WARN__DUPLICATE_METHOD_MATCH = YES;
				CODE_SIGN_IDENTITY = "iPhone Developer";
				COPY_PHASE_STRIP = NO;
				DEBUG_INFORMATION_FORMAT = "dwarf-with-dsym";
				ENABLE_NS_ASSERTIONS = NO;
				ENABLE_STRICT_OBJC_MSGSEND = YES;
				GCC_C_LANGUAGE_STANDARD = gnu11;
				GCC_NO_COMMON_BLOCKS = YES;
				GCC_WARN_64_TO_32_BIT_CONVERSION = YES;
				GCC_WARN_ABOUT_RETURN_TYPE = YES_ERROR;
				GCC_WARN_UNDECLARED_SELECTOR = YES;
				GCC_WARN_UNINITIALIZED_AUTOS = YES_AGGRESSIVE;
				GCC_WARN_UNUSED_FUNCTION = YES;
				GCC_WARN_UNUSED_VARIABLE = YES;
				IPHONEOS_DEPLOYMENT_TARGET = 11.2;
				MTL_ENABLE_DEBUG_INFO = NO;
				SDKROOT = iphoneos;
				SWIFT_OPTIMIZATION_LEVEL = "-Owholemodule";
				VALIDATE_PRODUCT = YES;
			};
			name = Release;
		};
		E094C6DF207FEAFA00545CB5 /* Debug */ = {
			isa = XCBuildConfiguration;
			baseConfigurationReference = F1EC0B36FCF0C84318BB5EBD /* Pods-FortniteStats.debug.xcconfig */;
			buildSettings = {
				ASSETCATALOG_COMPILER_APPICON_NAME = AppIcon;
				CODE_SIGN_IDENTITY = "iPhone Developer";
				CODE_SIGN_STYLE = Automatic;
				DEVELOPMENT_TEAM = LS24456JYE;
				INFOPLIST_FILE = FortniteStats/Info.plist;
				IPHONEOS_DEPLOYMENT_TARGET = 12.1;
				LD_RUNPATH_SEARCH_PATHS = "$(inherited) @executable_path/Frameworks";
				PRODUCT_BUNDLE_IDENTIFIER = com.piin.FortniteStats;
				PRODUCT_NAME = "$(TARGET_NAME)";
				PROVISIONING_PROFILE_SPECIFIER = "";
				SWIFT_VERSION = 4.2;
				TARGETED_DEVICE_FAMILY = 1;
			};
			name = Debug;
		};
		E094C6E0207FEAFA00545CB5 /* Release */ = {
			isa = XCBuildConfiguration;
			baseConfigurationReference = CC03531E9809C6B7A9497D45 /* Pods-FortniteStats.release.xcconfig */;
			buildSettings = {
				ASSETCATALOG_COMPILER_APPICON_NAME = AppIcon;
				CODE_SIGN_IDENTITY = "iPhone Developer";
				CODE_SIGN_STYLE = Automatic;
				DEVELOPMENT_TEAM = LS24456JYE;
				INFOPLIST_FILE = FortniteStats/Info.plist;
				IPHONEOS_DEPLOYMENT_TARGET = 12.1;
				LD_RUNPATH_SEARCH_PATHS = "$(inherited) @executable_path/Frameworks";
				PRODUCT_BUNDLE_IDENTIFIER = com.piin.FortniteStats;
				PRODUCT_NAME = "$(TARGET_NAME)";
				PROVISIONING_PROFILE_SPECIFIER = "";
				SWIFT_VERSION = 4.2;
				TARGETED_DEVICE_FAMILY = 1;
			};
			name = Release;
		};
		E094C6E2207FEAFA00545CB5 /* Debug */ = {
			isa = XCBuildConfiguration;
			baseConfigurationReference = 03392DAB7059AA9A4DD407E0 /* Pods-FortniteStatsTests.debug.xcconfig */;
			buildSettings = {
				ALWAYS_EMBED_SWIFT_STANDARD_LIBRARIES = YES;
				BUNDLE_LOADER = "$(TEST_HOST)";
				CODE_SIGN_STYLE = Automatic;
				INFOPLIST_FILE = FortniteStatsTests/Info.plist;
				LD_RUNPATH_SEARCH_PATHS = "$(inherited) @executable_path/Frameworks @loader_path/Frameworks";
				PRODUCT_BUNDLE_IDENTIFIER = com.piin.FortniteStatsTests;
				PRODUCT_NAME = "$(TARGET_NAME)";
				SWIFT_VERSION = 4.2;
				TARGETED_DEVICE_FAMILY = "1,2";
				TEST_HOST = "$(BUILT_PRODUCTS_DIR)/FortniteStats.app/FortniteStats";
			};
			name = Debug;
		};
		E094C6E3207FEAFA00545CB5 /* Release */ = {
			isa = XCBuildConfiguration;
			baseConfigurationReference = 374B66E718C07DF8974D702C /* Pods-FortniteStatsTests.release.xcconfig */;
			buildSettings = {
				ALWAYS_EMBED_SWIFT_STANDARD_LIBRARIES = YES;
				BUNDLE_LOADER = "$(TEST_HOST)";
				CODE_SIGN_STYLE = Automatic;
				INFOPLIST_FILE = FortniteStatsTests/Info.plist;
				LD_RUNPATH_SEARCH_PATHS = "$(inherited) @executable_path/Frameworks @loader_path/Frameworks";
				PRODUCT_BUNDLE_IDENTIFIER = com.piin.FortniteStatsTests;
				PRODUCT_NAME = "$(TARGET_NAME)";
				SWIFT_VERSION = 4.2;
				TARGETED_DEVICE_FAMILY = "1,2";
				TEST_HOST = "$(BUILT_PRODUCTS_DIR)/FortniteStats.app/FortniteStats";
			};
			name = Release;
		};
		E094C6E5207FEAFA00545CB5 /* Debug */ = {
			isa = XCBuildConfiguration;
			baseConfigurationReference = 9E99AEE0FFAADBA5B2A255A9 /* Pods-FortniteStatsUITests.debug.xcconfig */;
			buildSettings = {
				ALWAYS_EMBED_SWIFT_STANDARD_LIBRARIES = YES;
				CODE_SIGN_STYLE = Automatic;
				INFOPLIST_FILE = FortniteStatsUITests/Info.plist;
				LD_RUNPATH_SEARCH_PATHS = "$(inherited) @executable_path/Frameworks @loader_path/Frameworks";
				PRODUCT_BUNDLE_IDENTIFIER = com.piin.FortniteStatsUITests;
				PRODUCT_NAME = "$(TARGET_NAME)";
				SWIFT_VERSION = 4.2;
				TARGETED_DEVICE_FAMILY = "1,2";
				TEST_TARGET_NAME = FortniteStats;
			};
			name = Debug;
		};
		E094C6E6207FEAFA00545CB5 /* Release */ = {
			isa = XCBuildConfiguration;
			baseConfigurationReference = D84C3AA0A74E890A37C39CE1 /* Pods-FortniteStatsUITests.release.xcconfig */;
			buildSettings = {
				ALWAYS_EMBED_SWIFT_STANDARD_LIBRARIES = YES;
				CODE_SIGN_STYLE = Automatic;
				INFOPLIST_FILE = FortniteStatsUITests/Info.plist;
				LD_RUNPATH_SEARCH_PATHS = "$(inherited) @executable_path/Frameworks @loader_path/Frameworks";
				PRODUCT_BUNDLE_IDENTIFIER = com.piin.FortniteStatsUITests;
				PRODUCT_NAME = "$(TARGET_NAME)";
				SWIFT_VERSION = 4.2;
				TARGETED_DEVICE_FAMILY = "1,2";
				TEST_TARGET_NAME = FortniteStats;
			};
			name = Release;
		};
/* End XCBuildConfiguration section */

/* Begin XCConfigurationList section */
		E094C6B1207FEAF900545CB5 /* Build configuration list for PBXProject "FortniteStats" */ = {
			isa = XCConfigurationList;
			buildConfigurations = (
				E094C6DC207FEAFA00545CB5 /* Debug */,
				E094C6DD207FEAFA00545CB5 /* Release */,
			);
			defaultConfigurationIsVisible = 0;
			defaultConfigurationName = Release;
		};
		E094C6DE207FEAFA00545CB5 /* Build configuration list for PBXNativeTarget "FortniteStats" */ = {
			isa = XCConfigurationList;
			buildConfigurations = (
				E094C6DF207FEAFA00545CB5 /* Debug */,
				E094C6E0207FEAFA00545CB5 /* Release */,
			);
			defaultConfigurationIsVisible = 0;
			defaultConfigurationName = Release;
		};
		E094C6E1207FEAFA00545CB5 /* Build configuration list for PBXNativeTarget "FortniteStatsTests" */ = {
			isa = XCConfigurationList;
			buildConfigurations = (
				E094C6E2207FEAFA00545CB5 /* Debug */,
				E094C6E3207FEAFA00545CB5 /* Release */,
			);
			defaultConfigurationIsVisible = 0;
			defaultConfigurationName = Release;
		};
		E094C6E4207FEAFA00545CB5 /* Build configuration list for PBXNativeTarget "FortniteStatsUITests" */ = {
			isa = XCConfigurationList;
			buildConfigurations = (
				E094C6E5207FEAFA00545CB5 /* Debug */,
				E094C6E6207FEAFA00545CB5 /* Release */,
			);
			defaultConfigurationIsVisible = 0;
			defaultConfigurationName = Release;
		};
/* End XCConfigurationList section */

/* Begin XCVersionGroup section */
		E081AD49209BC51500E80D22 /* FortniteStats.xcdatamodeld */ = {
			isa = XCVersionGroup;
			children = (
				E081AD4A209BC51500E80D22 /* FortniteStats.xcdatamodel */,
			);
			currentVersion = E081AD4A209BC51500E80D22 /* FortniteStats.xcdatamodel */;
			path = FortniteStats.xcdatamodeld;
			sourceTree = "<group>";
			versionGroupType = wrapper.xcdatamodel;
		};
/* End XCVersionGroup section */
	};
	rootObject = E094C6AE207FEAF900545CB5 /* Project object */;
}
