PODS:
  - Alamofire (5.0.0-beta.5)

DEPENDENCIES:
  - Alamofire (~> 5.0.0-beta.5)

SPEC REPOS:
  https://github.com/cocoapods/specs.git:
    - Alamofire

SPEC CHECKSUMS:
  Alamofire: 9afb08f7f43efcc71c072374e720fcf67521317d

PODFILE CHECKSUM: 9ac16f8cf94b86b7ee0b97bcb1463785ae90a254

COCOAPODS: 1.5.3
